{
  "version": "2",
  "remote": {
    "https://deno.land/std@0.187.0/fmt/colors.ts": "d67e3cd9f472535241a8e410d33423980bec45047e343577554d3356e1f0ef4e",
    "https://deno.land/std@0.187.0/testing/_diff.ts": "1a3c044aedf77647d6cac86b798c6417603361b66b54c53331b312caeb447aea",
    "https://deno.land/std@0.187.0/testing/_format.ts": "a69126e8a469009adf4cf2a50af889aca364c349797e63174884a52ff75cf4c7",
    "https://deno.land/std@0.187.0/testing/asserts.ts": "e16d98b4d73ffc4ed498d717307a12500ae4f2cbe668f1a215632d19fcffc22f",
    "https://raw.githubusercontent.com/i-xi-dev/compat.es/1.1.6/mod.ts": "b369873c51fa8b56f02b4ff31b784f969d3c1e9d9a475b4bf5f21a2ba8a58eb3",
    "https://raw.githubusercontent.com/i-xi-dev/compat.es/1.1.6/src/blob.ts": "ff65c8d0247b69f675572eb9fae98429db5c6984449ff6a6232db3e9b3144852",
    "https://raw.githubusercontent.com/i-xi-dev/compat.es/1.1.6/src/crypto.ts": "dd7edfc28d973682d2be4721b72b1a664df09c0887084392eefdb9147ac544ec",
    "https://raw.githubusercontent.com/i-xi-dev/compat.es/1.1.6/src/progress_event.ts": "afcdaf2dbb128e1775f5cccd96c052008c498e70cd6ee9c469c5c6feb96d12bc",
    "https://raw.githubusercontent.com/i-xi-dev/compat.es/1.1.6/src/readable_stream.ts": "fdc4fc951ca414e029f949821e8d03eda7c90695c04567e221754661410def89",
    "https://raw.githubusercontent.com/i-xi-dev/compat.es/1.1.6/src/transform_stream.ts": "da572b183588bf10c1a908fd0796e7a2e9ccbe6d5d9f49448b59f5244b232473",
    "https://raw.githubusercontent.com/i-xi-dev/compat.es/1.1.6/src/writable_stream.ts": "d6b48f32d1d484fb8a1afb380f50386e65b24832dc1ec013ad9e23281e46d363",
    "https://raw.githubusercontent.com/i-xi-dev/int.es/1.3.0/mod.ts": "c97dd0212b33a0ff91d9037bb1c462dcc472561dec78d783af95acb39892cd8b",
    "https://raw.githubusercontent.com/i-xi-dev/int.es/1.3.0/src/int.ts": "7257984baf455f015b86ebd13a0cf5b6b678c3cd88da92d29d7eb17a45ca7d28",
    "https://raw.githubusercontent.com/i-xi-dev/int.es/1.3.0/src/uint6.ts": "3306800a85fa65adc8417441c12ec8a782f90ff76a8ad5f5cdbd762cbced2a81",
    "https://raw.githubusercontent.com/i-xi-dev/int.es/1.3.0/src/uint8.ts": "936d3aaac4b4b116d36d86281c9831f4a045b54ff221bd1952af242bc811d6d6"
  }
}
