{
  "version": "2",
  "remote": {
    "https://deno.land/std@0.168.0/fmt/colors.ts": "03ad95e543d2808bc43c17a3dd29d25b43d0f16287fe562a0be89bf632454a12",
    "https://deno.land/std@0.168.0/testing/_diff.ts": "a23e7fc2b4d8daa3e158fa06856bedf5334ce2a2831e8bf9e509717f455adb2c",
    "https://deno.land/std@0.168.0/testing/_format.ts": "cd11136e1797791045e639e9f0f4640d5b4166148796cad37e6ef75f7d7f3832",
    "https://deno.land/std@0.168.0/testing/asserts.ts": "51353e79437361d4b02d8e32f3fc83b22231bc8f8d4c841d86fd32b0b0afe940",
    "https://raw.githubusercontent.com/i-xi-dev/compat.es/1.1.5/mod.ts": "b369873c51fa8b56f02b4ff31b784f969d3c1e9d9a475b4bf5f21a2ba8a58eb3",
    "https://raw.githubusercontent.com/i-xi-dev/compat.es/1.1.5/src/blob.ts": "ff65c8d0247b69f675572eb9fae98429db5c6984449ff6a6232db3e9b3144852",
    "https://raw.githubusercontent.com/i-xi-dev/compat.es/1.1.5/src/crypto.ts": "dd7edfc28d973682d2be4721b72b1a664df09c0887084392eefdb9147ac544ec",
    "https://raw.githubusercontent.com/i-xi-dev/compat.es/1.1.5/src/progress_event.ts": "afcdaf2dbb128e1775f5cccd96c052008c498e70cd6ee9c469c5c6feb96d12bc",
    "https://raw.githubusercontent.com/i-xi-dev/compat.es/1.1.5/src/readable_stream.ts": "fdc4fc951ca414e029f949821e8d03eda7c90695c04567e221754661410def89",
    "https://raw.githubusercontent.com/i-xi-dev/compat.es/1.1.5/src/transform_stream.ts": "da572b183588bf10c1a908fd0796e7a2e9ccbe6d5d9f49448b59f5244b232473",
    "https://raw.githubusercontent.com/i-xi-dev/compat.es/1.1.5/src/writable_stream.ts": "d6b48f32d1d484fb8a1afb380f50386e65b24832dc1ec013ad9e23281e46d363",
    "https://raw.githubusercontent.com/i-xi-dev/int.es/1.2.1/mod.ts": "c97dd0212b33a0ff91d9037bb1c462dcc472561dec78d783af95acb39892cd8b",
    "https://raw.githubusercontent.com/i-xi-dev/int.es/1.2.1/src/int.ts": "4edff227e70b114920a47ef960ec5b7501ae9fcb08e6bdaa57c4f93f9c62ffb5",
    "https://raw.githubusercontent.com/i-xi-dev/int.es/1.2.1/src/uint6.ts": "3306800a85fa65adc8417441c12ec8a782f90ff76a8ad5f5cdbd762cbced2a81",
    "https://raw.githubusercontent.com/i-xi-dev/int.es/1.2.1/src/uint8.ts": "936d3aaac4b4b116d36d86281c9831f4a045b54ff221bd1952af242bc811d6d6"
  }
}
